
Microsoft Visual Studio Solution File, Format Version 12.00
# Visual Studio Version 17
VisualStudioVersion = 17.3.32929.385
MinimumVisualStudioVersion = 10.0.40219.1
Project("{FAE04EC0-301F-11D3-BF4B-00C04F79EFBC}") = "DemoConsoleApplication", "DemoConsoleApplication\DemoConsoleApplication.csproj", "{B2110CA9-9041-4EF5-81D9-9F33F5E081AC}"
EndProject
Project("{FAE04EC0-301F-11D3-BF4B-00C04F79EFBC}") = "TestingApplication", "TestingApplication\TestingApplication.csproj", "{59848BA1-8614-4A13-89B7-F6667451EAA8}"
EndProject
Global
	GlobalSection(SolutionConfigurationPlatforms) = preSolution
		Debug|Any CPU = Debug|Any CPU
		Release|Any CPU = Release|Any CPU
	EndGlobalSection
	GlobalSection(ProjectConfigurationPlatforms) = postSolution
		{B2110CA9-9041-4EF5-81D9-9F33F5E081AC}.Debug|Any CPU.ActiveCfg = Debug|Any CPU
		{B2110CA9-9041-4EF5-81D9-9F33F5E081AC}.Debug|Any CPU.Build.0 = Debug|Any CPU
		{B2110CA9-9041-4EF5-81D9-9F33F5E081AC}.Release|Any CPU.ActiveCfg = Release|Any CPU
		{B2110CA9-9041-4EF5-81D9-9F33F5E081AC}.Release|Any CPU.Build.0 = Release|Any CPU
		{59848BA1-8614-4A13-89B7-F6667451EAA8}.Debug|Any CPU.ActiveCfg = Debug|Any CPU
		{59848BA1-8614-4A13-89B7-F6667451EAA8}.Debug|Any CPU.Build.0 = Debug|Any CPU
		{59848BA1-8614-4A13-89B7-F6667451EAA8}.Release|Any CPU.ActiveCfg = Release|Any CPU
		{59848BA1-8614-4A13-89B7-F6667451EAA8}.Release|Any CPU.Build.0 = Release|Any CPU
	EndGlobalSection
	GlobalSection(SolutionProperties) = preSolution
		HideSolutionNode = FALSE
	EndGlobalSection
	GlobalSection(ExtensibilityGlobals) = postSolution
		SolutionGuid = {1537D84B-3119-432D-A4F7-7CCBC5950D35}
	EndGlobalSection
EndGlobal
